{
  "requires": true,
  "lockfileVersion": 1,
  "dependencies": {
    "@liff/add-to-home-screen": {
      "version": "2.16.1",
      "resolved": "https://registry.npmjs.org/@liff/add-to-home-screen/-/add-to-home-screen-2.16.1.tgz",
      "integrity": "sha512-X5iBelLLhN1Qzd0QsoeisKsSiMmNliphcPAiQ/buVbsXRp5UQJcuar7dkv2zUeFYHHtwa1/jSnMxANZEYkK6Ew==",
      "requires": {
        "@liff/check-availability": "2.16.1",
        "@liff/consts": "2.16.1",
        "@liff/is-in-client": "2.16.1",
        "@liff/is-sub-window": "2.16.1",
        "@liff/native-bridge": "2.16.1",
        "@liff/open-window": "2.16.1",
        "@liff/util": "2.16.1"
      }
    },
    "@liff/analytics": {
      "version": "2.16.1",
      "resolved": "https://registry.npmjs.org/@liff/analytics/-/analytics-2.16.1.tgz",
      "integrity": "sha512-VOT1FO131SYVPCd0FBTEHymwR857JVLOdgORIB9z56m4TI/MWd2FW+mNspy+Thp+/DYTm7bMShQf7PjJ1ExKPg==",
      "requires": {
        "@liff/consts": "2.16.1",
        "@liff/get-profile": "2.16.1",
        "@liff/get-version": "2.16.1",
        "@liff/is-logged-in": "2.16.1",
        "@liff/logger": "2.16.1",
        "@liff/store": "2.16.1",
        "@liff/types": "2.16.1",
        "@liff/use": "2.16.1",
        "@liff/util": "2.16.1"
      }
    },
    "@liff/check-availability": {
      "version": "2.16.1",
      "resolved": "https://registry.npmjs.org/@liff/check-availability/-/check-availability-2.16.1.tgz",
      "integrity": "sha512-1xh3nPbH0IPMP9MXE85LQaiMqof1m+BQlClmrCMI6dBAksh/OZX7qPKY1emMZt96H0JX+H/LNQkH0vzbVMrGfQ==",
      "requires": {
        "@liff/get-version": "2.16.1",
        "@liff/is-api-available": "2.16.1",
        "@liff/util": "2.16.1"
      }
    },
    "@liff/close-window": {
      "version": "2.16.1",
      "resolved": "https://registry.npmjs.org/@liff/close-window/-/close-window-2.16.1.tgz",
      "integrity": "sha512-SivLFC8BjIbeWh1KxpCNxfLpe14ZMsE8Al+Omr14GtpYPu7XEEgVBdT2RKWrVZM0/XBVuSxBlX4yZIpKLXo9og==",
      "requires": {
        "@liff/get-line-version": "2.16.1",
        "@liff/get-os": "2.16.1",
        "@liff/native-bridge": "2.16.1",
        "@liff/util": "2.16.1"
      }
    },
    "@liff/consts": {
      "version": "2.16.1",
      "resolved": "https://registry.npmjs.org/@liff/consts/-/consts-2.16.1.tgz",
      "integrity": "sha512-nUFR941tWx+Qml0ySqJIed4Vu51MvIVc3NqcepM1J597Su0rGjwgQpfx+SSILrNeOcmKMfhgD7LkXCrvmQAqtQ=="
    },
    "@liff/extensions": {
      "version": "2.16.1",
      "resolved": "https://registry.npmjs.org/@liff/extensions/-/extensions-2.16.1.tgz",
      "integrity": "sha512-tjWuM0BQh2UFHiXh/TPP07LpD+IQBQ+FRKSw0+PoHkMEg/NHcvM7c2vMD145qghGvzjnaTMrQEmZztxZhRbE8A==",
      "requires": {
        "@liff/add-to-home-screen": "2.16.1",
        "@liff/check-availability": "2.16.1",
        "@liff/consts": "2.16.1",
        "@liff/get-advertising-id": "2.16.1",
        "@liff/get-line-version": "2.16.1",
        "@liff/get-os": "2.16.1",
        "@liff/logger": "2.16.1",
        "@liff/scan-code": "2.16.1",
        "@liff/store": "2.16.1",
        "@liff/util": "2.16.1"
      }
    },
    "@liff/get-advertising-id": {
      "version": "2.16.1",
      "resolved": "https://registry.npmjs.org/@liff/get-advertising-id/-/get-advertising-id-2.16.1.tgz",
      "integrity": "sha512-SGDroRERGjX+NP7xAvfsoZ6ijlCoTvuW3Ds/wROAlf57pxc/5POQT/2FWQF33FhuFB7pSpHojG/tjMAlq9hClQ==",
      "requires": {
        "@liff/check-availability": "2.16.1",
        "@liff/consts": "2.16.1",
        "@liff/native-bridge": "2.16.1",
        "@liff/util": "2.16.1"
      }
    },
    "@liff/get-friendship": {
      "version": "2.16.1",
      "resolved": "https://registry.npmjs.org/@liff/get-friendship/-/get-friendship-2.16.1.tgz",
      "integrity": "sha512-xwWY8lHCLK4Q4iyFGZ2F/m7WZnjbR0JvO+kAyHP1BXpVW1WlY5JJ8ZsFdChuJDGIJJwTpEy+VYLp7LZUSClQWg==",
      "requires": {
        "@liff/server-api": "2.16.1"
      }
    },
    "@liff/get-language": {
      "version": "2.16.1",
      "resolved": "https://registry.npmjs.org/@liff/get-language/-/get-language-2.16.1.tgz",
      "integrity": "sha512-jwPQJjFxKStJPwCySGkI5j/oFHYrzLDYsYKPk7fHClNp+sYovI08Z4c9hcDm1cULwVcmfvKWNbEe7w5VeaEMtg=="
    },
    "@liff/get-line-version": {
      "version": "2.16.1",
      "resolved": "https://registry.npmjs.org/@liff/get-line-version/-/get-line-version-2.16.1.tgz",
      "integrity": "sha512-jOBFWTYiMh7IlArvgvgkewRYq1om2FRJdRUjb1JglReJLvy+RhbqfpuF9zmdxc3XN78cLJ8Dx5INUMqyPFNAZw=="
    },
    "@liff/get-os": {
      "version": "2.16.1",
      "resolved": "https://registry.npmjs.org/@liff/get-os/-/get-os-2.16.1.tgz",
      "integrity": "sha512-I75KwHKA3z0DkY9qOA3fAHmpA8iRkSCtaAV8sjqaiIdm2Fh1+fSybkYRMY7ISENXk58M+k56c/rOmXaYRQouzw=="
    },
    "@liff/get-profile": {
      "version": "2.16.1",
      "resolved": "https://registry.npmjs.org/@liff/get-profile/-/get-profile-2.16.1.tgz",
      "integrity": "sha512-MZcySyPUj4GaXUm60EpqlAB3iqOqcMhejTXl/C8cKwJMGS8zLOuKJqAukcyRmsNW/GqM1VsAi0OPKkISJS70Ig==",
      "requires": {
        "@liff/server-api": "2.16.1"
      }
    },
    "@liff/get-version": {
      "version": "2.16.1",
      "resolved": "https://registry.npmjs.org/@liff/get-version/-/get-version-2.16.1.tgz",
      "integrity": "sha512-4KYtBliwjmGU6G+4gh/ckPoJLRIJSOgQnpaA1gFPlJdYjYBReFOZF1gp4imyeyCCbrQanCOL8YIgdwglrUq2IQ=="
    },
    "@liff/init": {
      "version": "2.16.1",
      "resolved": "https://registry.npmjs.org/@liff/init/-/init-2.16.1.tgz",
      "integrity": "sha512-f+olF4buXgpyejXom4kny3pNa3R3z9R/C/SmALeOkla9VEutCz3qQ0mimPG40bI47NkQxm7OrpKb2o9GH0jkkw==",
      "requires": {
        "@liff/consts": "2.16.1",
        "@liff/extensions": "2.16.1",
        "@liff/get-line-version": "2.16.1",
        "@liff/get-os": "2.16.1",
        "@liff/is-api-available": "2.16.1",
        "@liff/is-in-client": "2.16.1",
        "@liff/is-logged-in": "2.16.1",
        "@liff/is-sub-window": "2.16.1",
        "@liff/logger": "2.16.1",
        "@liff/login": "2.16.1",
        "@liff/logout": "2.16.1",
        "@liff/native-bridge": "2.16.1",
        "@liff/ready": "2.16.1",
        "@liff/server-api": "2.16.1",
        "@liff/store": "2.16.1",
        "@liff/sub-window": "2.16.1",
        "@liff/types": "2.16.1",
        "@liff/use": "2.16.1",
        "@liff/util": "2.16.1"
      }
    },
    "@liff/is-api-available": {
      "version": "2.16.1",
      "resolved": "https://registry.npmjs.org/@liff/is-api-available/-/is-api-available-2.16.1.tgz",
      "integrity": "sha512-Glewuv1Bk8yPC7qiStWLOjRXgTLm64w9C2FTAmSlds9dDVg3rrfa/9lq2O4xDB/EixmFtfCRBIRd+s6iUPj6Aw==",
      "requires": {
        "@liff/consts": "2.16.1",
        "@liff/get-line-version": "2.16.1",
        "@liff/is-in-client": "2.16.1",
        "@liff/is-logged-in": "2.16.1",
        "@liff/store": "2.16.1",
        "@liff/util": "2.16.1"
      }
    },
    "@liff/is-in-client": {
      "version": "2.16.1",
      "resolved": "https://registry.npmjs.org/@liff/is-in-client/-/is-in-client-2.16.1.tgz",
      "integrity": "sha512-Nv9FDjPse3Z4hIl8zdlm/2kanryfzwWMAfB96Cb3u5r9s8NLaMdmfbAfjSNbtBIkb24DZ9NksuPUw1818iJtmg==",
      "requires": {
        "@liff/consts": "2.16.1",
        "@liff/util": "2.16.1"
      }
    },
    "@liff/is-logged-in": {
      "version": "2.16.1",
      "resolved": "https://registry.npmjs.org/@liff/is-logged-in/-/is-logged-in-2.16.1.tgz",
      "integrity": "sha512-JSOmAQ+bf/JN0HTnw9w39UKX4Qf28F/9VnM8nlNI/H8In/U3Gnoqk7nrOQ5+sFZqlUvnez2sAckgxI8aWShfhg==",
      "requires": {
        "@liff/store": "2.16.1"
      }
    },
    "@liff/is-sub-window": {
      "version": "2.16.1",
      "resolved": "https://registry.npmjs.org/@liff/is-sub-window/-/is-sub-window-2.16.1.tgz",
      "integrity": "sha512-9AxlGP+g+QMOA0YR4QsE/bJb0ZnZGsgf4kf6GzxpWDefyvQSFwKCG3pXbfg8ap/0uQ7i4X1vlHsWvuWT07Fj6Q==",
      "requires": {
        "@liff/consts": "2.16.1",
        "@liff/is-in-client": "2.16.1",
        "@liff/store": "2.16.1",
        "@liff/use": "2.16.1",
        "@liff/util": "2.16.1"
      }
    },
    "@liff/liff-types": {
      "version": "2.16.1",
      "resolved": "https://registry.npmjs.org/@liff/liff-types/-/liff-types-2.16.1.tgz",
      "integrity": "sha512-0nYwSFSZOZ84iNy3hFyk/hlI+1lgRpTnA31gV85YL89kD5UdV1hsgwjH+1aop7+11Y8wLv4js2C0D+H82z0nPg==",
      "requires": {
        "@liff/analytics": "2.16.1",
        "@liff/close-window": "2.16.1",
        "@liff/get-friendship": "2.16.1",
        "@liff/get-language": "2.16.1",
        "@liff/get-line-version": "2.16.1",
        "@liff/get-os": "2.16.1",
        "@liff/get-profile": "2.16.1",
        "@liff/get-version": "2.16.1",
        "@liff/init": "2.16.1",
        "@liff/is-api-available": "2.16.1",
        "@liff/is-in-client": "2.16.1",
        "@liff/is-logged-in": "2.16.1",
        "@liff/is-sub-window": "2.16.1",
        "@liff/login": "2.16.1",
        "@liff/logout": "2.16.1",
        "@liff/native-bridge": "2.16.1",
        "@liff/open-window": "2.16.1",
        "@liff/permanent-link": "2.16.1",
        "@liff/permission": "2.16.1",
        "@liff/ready": "2.16.1",
        "@liff/scan-code-v2": "2.16.1",
        "@liff/send-messages": "2.16.1",
        "@liff/share-target-picker": "2.16.1",
        "@liff/store": "2.16.1",
        "@liff/sub-window": "2.16.1",
        "@liff/use": "2.16.1"
      }
    },
    "@liff/logger": {
      "version": "2.16.1",
      "resolved": "https://registry.npmjs.org/@liff/logger/-/logger-2.16.1.tgz",
      "integrity": "sha512-o0TBpKZ3TW8nw2VOa3mIqkZygUg/wuC3G/xyRBX6zsg1liMhObNOLQ5KUzqw2z8a2eRbSJDo3XxOXNp7yjBy1w=="
    },
    "@liff/login": {
      "version": "2.16.1",
      "resolved": "https://registry.npmjs.org/@liff/login/-/login-2.16.1.tgz",
      "integrity": "sha512-cUpBSBXFBh+NsyX5PbGdC+T4b+swEL/UzItBlxfItNLQXf1aiH0kFp4fZg7NMgtVtKG1xNYXd02s1QCa/hCDSw==",
      "requires": {
        "@liff/consts": "2.16.1",
        "@liff/get-version": "2.16.1",
        "@liff/is-in-client": "2.16.1",
        "@liff/is-sub-window": "2.16.1",
        "@liff/logger": "2.16.1",
        "@liff/server-api": "2.16.1",
        "@liff/store": "2.16.1",
        "@liff/use": "2.16.1",
        "@liff/util": "2.16.1",
        "tiny-sha256": "^1.0.2"
      }
    },
    "@liff/logout": {
      "version": "2.16.1",
      "resolved": "https://registry.npmjs.org/@liff/logout/-/logout-2.16.1.tgz",
      "integrity": "sha512-/jye06VRD90vgjjTXDwgyx2x+Cfpz2kWiZQHOzS9VauNbieG014fhU9Fi4VwAPvSRZklpX+BHWyB0H8JmFByFA==",
      "requires": {
        "@liff/store": "2.16.1"
      }
    },
    "@liff/native-bridge": {
      "version": "2.16.1",
      "resolved": "https://registry.npmjs.org/@liff/native-bridge/-/native-bridge-2.16.1.tgz",
      "integrity": "sha512-0Sd9fIQCEU0KPf2i2WxhqlSxeKjV3ZfiHqoJynR0od22E8zNd7gQb1P6k0CNBwn8IIpdE0U6Rjw4djmJNKnF6g==",
      "requires": {
        "@liff/consts": "2.16.1",
        "@liff/logger": "2.16.1",
        "@liff/store": "2.16.1",
        "@liff/util": "2.16.1"
      }
    },
    "@liff/open-window": {
      "version": "2.16.1",
      "resolved": "https://registry.npmjs.org/@liff/open-window/-/open-window-2.16.1.tgz",
      "integrity": "sha512-P8ZqwGLZFDCbU5KShziXyUkmwrNCr7QaAmzk/LWUtFktnNbn7wg4Emd0WHlOe59z1/sBkaEIIA4q9iqHGprW6Q==",
      "requires": {
        "@liff/consts": "2.16.1",
        "@liff/get-line-version": "2.16.1",
        "@liff/get-os": "2.16.1",
        "@liff/is-in-client": "2.16.1",
        "@liff/native-bridge": "2.16.1",
        "@liff/util": "2.16.1"
      }
    },
    "@liff/permanent-link": {
      "version": "2.16.1",
      "resolved": "https://registry.npmjs.org/@liff/permanent-link/-/permanent-link-2.16.1.tgz",
      "integrity": "sha512-bNy4z6MVFdk6Zm5oFRrQSWtaRMas619LgjixCzUDEX7yinMv6Bq8vSGr13lUS/f9qA30ydUU8mF071r5vvjhQg==",
      "requires": {
        "@liff/consts": "2.16.1",
        "@liff/store": "2.16.1",
        "@liff/use": "2.16.1",
        "@liff/util": "2.16.1"
      }
    },
    "@liff/permission": {
      "version": "2.16.1",
      "resolved": "https://registry.npmjs.org/@liff/permission/-/permission-2.16.1.tgz",
      "integrity": "sha512-ZXej5RVNsFPKcVU9+SVY+1WJKOF51i8JWzI+BhKX+GosKCwOc5UYnXh2Ib+jyGqGA1fVtv/Z+aTcArtIxmBgdA==",
      "requires": {
        "@liff/consts": "2.16.1",
        "@liff/is-in-client": "2.16.1",
        "@liff/server-api": "2.16.1",
        "@liff/store": "2.16.1",
        "@liff/sub-window": "2.16.1",
        "@liff/use": "2.16.1",
        "@liff/util": "2.16.1"
      }
    },
    "@liff/ready": {
      "version": "2.16.1",
      "resolved": "https://registry.npmjs.org/@liff/ready/-/ready-2.16.1.tgz",
      "integrity": "sha512-V7AJQ3JIUdoj6uDg4KEGvfm3cnDn38wbYJt46stM04LdOFn9AoaFWa6/cPDpA1vUrELzJgVqtprzlYRZ1hFCfw=="
    },
    "@liff/scan-code": {
      "version": "2.16.1",
      "resolved": "https://registry.npmjs.org/@liff/scan-code/-/scan-code-2.16.1.tgz",
      "integrity": "sha512-Qh+cgrqukjY/TOWhLD8rUpSa4wlmtlJuIl2v3pDgb1vQRUBLHvqliOuicP+LGVo2NlADcH+I58GU7XnuB3Ijpw==",
      "requires": {
        "@liff/check-availability": "2.16.1",
        "@liff/consts": "2.16.1",
        "@liff/native-bridge": "2.16.1",
        "@liff/util": "2.16.1"
      }
    },
    "@liff/scan-code-v2": {
      "version": "2.16.1",
      "resolved": "https://registry.npmjs.org/@liff/scan-code-v2/-/scan-code-v2-2.16.1.tgz",
      "integrity": "sha512-dhE3kp+xusmaUckd8ict/gSKmla7v4tIei0mo3FOO9zc7J9oLUMcYnvt6eLuYje0wokUg0Tg+lFEB4F7XIcBcg==",
      "requires": {
        "@liff/consts": "2.16.1",
        "@liff/is-api-available": "2.16.1",
        "@liff/sub-window": "2.16.1",
        "@liff/use": "2.16.1",
        "@liff/util": "2.16.1"
      }
    },
    "@liff/send-messages": {
      "version": "2.16.1",
      "resolved": "https://registry.npmjs.org/@liff/send-messages/-/send-messages-2.16.1.tgz",
      "integrity": "sha512-akpVA+cNAchgerAkuDHSJCUsVkpa9+iA19nr2M6RJkZSYoco6YjKeyJUlg1Ruus+sruR6AJRpul4Uo+T6nnFaw==",
      "requires": {
        "@liff/consts": "2.16.1",
        "@liff/server-api": "2.16.1",
        "@liff/util": "2.16.1",
        "@line/bot-sdk": "^7.0.0"
      }
    },
    "@liff/server-api": {
      "version": "2.16.1",
      "resolved": "https://registry.npmjs.org/@liff/server-api/-/server-api-2.16.1.tgz",
      "integrity": "sha512-1EOvVoin4RT2lQQVFW9K4EpHyXV6+axfdUycDeqbosrN5s1kYs0+9j7U7iIXyJsfTZQt341BTdR2WkNxnojdaQ==",
      "requires": {
        "@liff/consts": "2.16.1",
        "@liff/store": "2.16.1",
        "@liff/util": "2.16.1"
      }
    },
    "@liff/share-target-picker": {
      "version": "2.16.1",
      "resolved": "https://registry.npmjs.org/@liff/share-target-picker/-/share-target-picker-2.16.1.tgz",
      "integrity": "sha512-+St8Brf27XamaaQ+0G5bQ79SSlEdHR/PZvlPAVt6HgfAclDtLfx2DMnYJIBwffVzLEAkoFYwwCIGZCqt2Wx9Mg==",
      "requires": {
        "@liff/analytics": "2.16.1",
        "@liff/consts": "2.16.1",
        "@liff/get-line-version": "2.16.1",
        "@liff/get-os": "2.16.1",
        "@liff/is-in-client": "2.16.1",
        "@liff/is-logged-in": "2.16.1",
        "@liff/is-sub-window": "2.16.1",
        "@liff/logger": "2.16.1",
        "@liff/send-messages": "2.16.1",
        "@liff/server-api": "2.16.1",
        "@liff/store": "2.16.1",
        "@liff/types": "2.16.1",
        "@liff/use": "2.16.1",
        "@liff/util": "2.16.1",
        "@liff/window-postmessage": "2.16.1"
      }
    },
    "@liff/store": {
      "version": "2.16.1",
      "resolved": "https://registry.npmjs.org/@liff/store/-/store-2.16.1.tgz",
      "integrity": "sha512-mNN7siA1TKRzu0bSMvfJ1/grlWDTDI1NeeYpGOz456hG4cw57+jBfK7kuU2QXzdYJJY5Y0hoLkm3z4V6bowFnA==",
      "requires": {
        "@liff/consts": "2.16.1",
        "@liff/is-in-client": "2.16.1",
        "@liff/types": "2.16.1",
        "@liff/util": "2.16.1"
      }
    },
    "@liff/sub-window": {
      "version": "2.16.1",
      "resolved": "https://registry.npmjs.org/@liff/sub-window/-/sub-window-2.16.1.tgz",
      "integrity": "sha512-BmWDK52vk4y7fhZbCIJkNwg9FIsoQgJHy9T/Tueqm+MBVUyo6PHeef2d4UMUhUbCew+0lFBBqMHe9Ua+8xBGZA==",
      "requires": {
        "@liff/close-window": "2.16.1",
        "@liff/consts": "2.16.1",
        "@liff/get-os": "2.16.1",
        "@liff/is-api-available": "2.16.1",
        "@liff/is-in-client": "2.16.1",
        "@liff/is-sub-window": "2.16.1",
        "@liff/logger": "2.16.1",
        "@liff/server-api": "2.16.1",
        "@liff/store": "2.16.1",
        "@liff/util": "2.16.1"
      }
    },
    "@liff/types": {
      "version": "2.16.1",
      "resolved": "https://registry.npmjs.org/@liff/types/-/types-2.16.1.tgz",
      "integrity": "sha512-ioBp9jBq7EGtjAn1FgmdOrM7AMoJrmUZ07sgxh7v81Ij47AEDgysPmPiAZxXIHoGK4ew6uFIwLYR25Yw+144yw=="
    },
    "@liff/use": {
      "version": "2.16.1",
      "resolved": "https://registry.npmjs.org/@liff/use/-/use-2.16.1.tgz",
      "integrity": "sha512-PidgkmzdfONhQQUZocOAj6rqwZzrI4pu/JmEdNewG5AhjZ2SvOBVMU57aSbnDgQJHtwix9fsrJwckcrI/GrIxQ==",
      "requires": {
        "@liff/logger": "2.16.1"
      }
    },
    "@liff/util": {
      "version": "2.16.1",
      "resolved": "https://registry.npmjs.org/@liff/util/-/util-2.16.1.tgz",
      "integrity": "sha512-0zSahWPg7hBbOWL8IoQsai5CANqd2TJ7sx0vp0siSCSBJxjzNdCqZuSi08fL8TaQzspOC0LFCX6P0ONc+2rvBQ==",
      "requires": {
        "@liff/consts": "2.16.1",
        "@liff/logger": "2.16.1"
      }
    },
    "@liff/window-postmessage": {
      "version": "2.16.1",
      "resolved": "https://registry.npmjs.org/@liff/window-postmessage/-/window-postmessage-2.16.1.tgz",
      "integrity": "sha512-3hj2hqNJXggJyu42kVrNnp/hsiX4WtMtCx5gxd9PjWM4aFY4P9P4Ff5Q7/XlWoPQ26U3Nj6/zJSFAPvbUHx+yA==",
      "requires": {
        "@liff/consts": "2.16.1",
        "@liff/logger": "2.16.1",
        "@liff/util": "2.16.1"
      }
    },
    "@line/bot-sdk": {
      "version": "7.4.0",
      "resolved": "https://registry.npmjs.org/@line/bot-sdk/-/bot-sdk-7.4.0.tgz",
      "integrity": "sha512-MNnE9Ew/NRhZIvSchWRaStJGVDcPIGhG7tiZ5Oz3DO+KOgbUffS1Pn+j4aatcBcULLysv0fgp2anIllc+N+hmA==",
      "requires": {
        "@types/body-parser": "^1.19.0",
        "@types/node": "^14.10.0",
        "axios": "^0.21.1",
        "body-parser": "^1.19.0",
        "file-type": "^15.0.0",
        "form-data": "^3.0.0"
      }
    },
    "@line/liff": {
      "version": "2.16.1",
      "resolved": "https://registry.npmjs.org/@line/liff/-/liff-2.16.1.tgz",
      "integrity": "sha512-Yplu8A6oVmXWPWwCn2qC/cwBnih/Z2pGurMi6PmqxFt0PPhK80PfDQmyiNmU2HGLgw8xZIRCLZxi5wcGBm7dDw==",
      "requires": {
        "@liff/analytics": "2.16.1",
        "@liff/close-window": "2.16.1",
        "@liff/consts": "2.16.1",
        "@liff/extensions": "2.16.1",
        "@liff/get-friendship": "2.16.1",
        "@liff/get-language": "2.16.1",
        "@liff/get-line-version": "2.16.1",
        "@liff/get-os": "2.16.1",
        "@liff/get-profile": "2.16.1",
        "@liff/get-version": "2.16.1",
        "@liff/init": "2.16.1",
        "@liff/is-api-available": "2.16.1",
        "@liff/is-in-client": "2.16.1",
        "@liff/is-logged-in": "2.16.1",
        "@liff/is-sub-window": "2.16.1",
        "@liff/liff-types": "2.16.1",
        "@liff/login": "2.16.1",
        "@liff/logout": "2.16.1",
        "@liff/native-bridge": "2.16.1",
        "@liff/open-window": "2.16.1",
        "@liff/permanent-link": "2.16.1",
        "@liff/permission": "2.16.1",
        "@liff/ready": "2.16.1",
        "@liff/scan-code-v2": "2.16.1",
        "@liff/send-messages": "2.16.1",
        "@liff/server-api": "2.16.1",
        "@liff/share-target-picker": "2.16.1",
        "@liff/store": "2.16.1",
        "@liff/sub-window": "2.16.1",
        "@liff/use": "2.16.1",
        "@liff/util": "2.16.1",
        "promise-polyfill": "^8.1.3",
        "tslib": "^2.3.0",
        "whatwg-fetch": "^3.0.0"
      }
    },
    "@tokenizer/token": {
      "version": "0.3.0",
      "resolved": "https://registry.npmjs.org/@tokenizer/token/-/token-0.3.0.tgz",
      "integrity": "sha512-OvjF+z51L3ov0OyAU0duzsYuvO01PH7x4t6DJx+guahgTnBHkhJdG7soQeTSFLWN3efnHyibZ4Z8l2EuWwJN3A=="
    },
    "@types/body-parser": {
      "version": "1.19.1",
      "resolved": "https://registry.npmjs.org/@types/body-parser/-/body-parser-1.19.1.tgz",
      "integrity": "sha512-a6bTJ21vFOGIkwM0kzh9Yr89ziVxq4vYH2fQ6N8AeipEzai/cFK6aGMArIkUeIdRIgpwQa+2bXiLuUJCpSf2Cg==",
      "requires": {
        "@types/connect": "*",
        "@types/node": "*"
      }
    },
    "@types/connect": {
      "version": "3.4.35",
      "resolved": "https://registry.npmjs.org/@types/connect/-/connect-3.4.35.tgz",
      "integrity": "sha512-cdeYyv4KWoEgpBISTxWvqYsVy444DOqehiF3fM3ne10AmJ62RSyNkUnxMJXHQWRQQX2eR94m5y1IZyDwBjV9FQ==",
      "requires": {
        "@types/node": "*"
      }
    },
    "@types/node": {
      "version": "14.17.32",
      "resolved": "https://registry.npmjs.org/@types/node/-/node-14.17.32.tgz",
      "integrity": "sha512-JcII3D5/OapPGx+eJ+Ik1SQGyt6WvuqdRfh9jUwL6/iHGjmyOriBDciBUu7lEIBTL2ijxwrR70WUnw5AEDmFvQ=="
    },
    "asynckit": {
      "version": "0.4.0",
      "resolved": "https://registry.npmjs.org/asynckit/-/asynckit-0.4.0.tgz",
      "integrity": "sha1-x57Zf380y48robyXkLzDZkdLS3k="
    },
    "axios": {
      "version": "0.21.4",
      "resolved": "https://registry.npmjs.org/axios/-/axios-0.21.4.tgz",
      "integrity": "sha512-ut5vewkiu8jjGBdqpM44XxjuCjq9LAKeHVmoVfHVzy8eHgxxq8SbAVQNovDA8mVi05kP0Ea/n/UzcSHcTJQfNg==",
      "requires": {
        "follow-redirects": "^1.14.0"
      }
    },
    "body-parser": {
      "version": "1.19.0",
      "resolved": "https://registry.npmjs.org/body-parser/-/body-parser-1.19.0.tgz",
      "integrity": "sha512-dhEPs72UPbDnAQJ9ZKMNTP6ptJaionhP5cBb541nXPlW60Jepo9RV/a4fX4XWW9CuFNK22krhrj1+rgzifNCsw==",
      "requires": {
        "bytes": "3.1.0",
        "content-type": "~1.0.4",
        "debug": "2.6.9",
        "depd": "~1.1.2",
        "http-errors": "1.7.2",
        "iconv-lite": "0.4.24",
        "on-finished": "~2.3.0",
        "qs": "6.7.0",
        "raw-body": "2.4.0",
        "type-is": "~1.6.17"
      }
    },
    "bytes": {
      "version": "3.1.0",
      "resolved": "https://registry.npmjs.org/bytes/-/bytes-3.1.0.tgz",
      "integrity": "sha512-zauLjrfCG+xvoyaqLoV8bLVXXNGC4JqlxFCutSDWA6fJrTo2ZuvLYTqZ7aHBLZSMOopbzwv8f+wZcVzfVTI2Dg=="
    },
    "combined-stream": {
      "version": "1.0.8",
      "resolved": "https://registry.npmjs.org/combined-stream/-/combined-stream-1.0.8.tgz",
      "integrity": "sha512-FQN4MRfuJeHf7cBbBMJFXhKSDq+2kAArBlmRBvcvFE5BB1HZKXtSFASDhdlz9zOYwxh8lDdnvmMOe/+5cdoEdg==",
      "requires": {
        "delayed-stream": "~1.0.0"
      }
    },
    "content-type": {
      "version": "1.0.4",
      "resolved": "https://registry.npmjs.org/content-type/-/content-type-1.0.4.tgz",
      "integrity": "sha512-hIP3EEPs8tB9AT1L+NUqtwOAps4mk2Zob89MWXMHjHWg9milF/j4osnnQLXBCBFBk/tvIG/tUc9mOUJiPBhPXA=="
    },
    "debug": {
      "version": "2.6.9",
      "resolved": "https://registry.npmjs.org/debug/-/debug-2.6.9.tgz",
      "integrity": "sha512-bC7ElrdJaJnPbAP+1EotYvqZsb3ecl5wi6Bfi6BJTUcNowp6cvspg0jXznRTKDjm/E7AdgFBVeAPVMNcKGsHMA==",
      "requires": {
        "ms": "2.0.0"
      }
    },
    "delayed-stream": {
      "version": "1.0.0",
      "resolved": "https://registry.npmjs.org/delayed-stream/-/delayed-stream-1.0.0.tgz",
      "integrity": "sha1-3zrhmayt+31ECqrgsp4icrJOxhk="
    },
    "depd": {
      "version": "1.1.2",
      "resolved": "https://registry.npmjs.org/depd/-/depd-1.1.2.tgz",
      "integrity": "sha1-m81S4UwJd2PnSbJ0xDRu0uVgtak="
    },
    "ee-first": {
      "version": "1.1.1",
      "resolved": "https://registry.npmjs.org/ee-first/-/ee-first-1.1.1.tgz",
      "integrity": "sha1-WQxhFWsK4vTwJVcyoViyZrxWsh0="
    },
    "file-type": {
      "version": "15.0.1",
      "resolved": "https://registry.npmjs.org/file-type/-/file-type-15.0.1.tgz",
      "integrity": "sha512-0LieQlSA3bWUdErNrxzxfI4rhsvNAVPBO06R8pTc1hp9SE6nhqlVyvhcaXoMmtXkBTPnQenbMPLW9X76hH76oQ==",
      "requires": {
        "readable-web-to-node-stream": "^2.0.0",
        "strtok3": "^6.0.3",
        "token-types": "^2.0.0",
        "typedarray-to-buffer": "^3.1.5"
      }
    },
    "follow-redirects": {
      "version": "1.14.5",
      "resolved": "https://registry.npmjs.org/follow-redirects/-/follow-redirects-1.14.5.tgz",
      "integrity": "sha512-wtphSXy7d4/OR+MvIFbCVBDzZ5520qV8XfPklSN5QtxuMUJZ+b0Wnst1e1lCDocfzuCkHqj8k0FpZqO+UIaKNA=="
    },
    "form-data": {
      "version": "3.0.1",
      "resolved": "https://registry.npmjs.org/form-data/-/form-data-3.0.1.tgz",
      "integrity": "sha512-RHkBKtLWUVwd7SqRIvCZMEvAMoGUp0XU+seQiZejj0COz3RI3hWP4sCv3gZWWLjJTd7rGwcsF5eKZGii0r/hbg==",
      "requires": {
        "asynckit": "^0.4.0",
        "combined-stream": "^1.0.8",
        "mime-types": "^2.1.12"
      }
    },
    "http-errors": {
      "version": "1.7.2",
      "resolved": "https://registry.npmjs.org/http-errors/-/http-errors-1.7.2.tgz",
      "integrity": "sha512-uUQBt3H/cSIVfch6i1EuPNy/YsRSOUBXTVfZ+yR7Zjez3qjBz6i9+i4zjNaoqcoFVI4lQJ5plg63TvGfRSDCRg==",
      "requires": {
        "depd": "~1.1.2",
        "inherits": "2.0.3",
        "setprototypeof": "1.1.1",
        "statuses": ">= 1.5.0 < 2",
        "toidentifier": "1.0.0"
      }
    },
    "iconv-lite": {
      "version": "0.4.24",
      "resolved": "https://registry.npmjs.org/iconv-lite/-/iconv-lite-0.4.24.tgz",
      "integrity": "sha512-v3MXnZAcvnywkTUEZomIActle7RXXeedOR31wwl7VlyoXO4Qi9arvSenNQWne1TcRwhCL1HwLI21bEqdpj8/rA==",
      "requires": {
        "safer-buffer": ">= 2.1.2 < 3"
      }
    },
    "ieee754": {
      "version": "1.2.1",
      "resolved": "https://registry.npmjs.org/ieee754/-/ieee754-1.2.1.tgz",
      "integrity": "sha512-dcyqhDvX1C46lXZcVqCpK+FtMRQVdIMN6/Df5js2zouUsqG7I6sFxitIC+7KYK29KdXOLHdu9zL4sFnoVQnqaA=="
    },
    "inherits": {
      "version": "2.0.3",
      "resolved": "https://registry.npmjs.org/inherits/-/inherits-2.0.3.tgz",
      "integrity": "sha1-Yzwsg+PaQqUC9SRmAiSA9CCCYd4="
    },
    "is-typedarray": {
      "version": "1.0.0",
      "resolved": "https://registry.npmjs.org/is-typedarray/-/is-typedarray-1.0.0.tgz",
      "integrity": "sha1-5HnICFjfDBsR3dppQPlgEfzaSpo="
    },
    "media-typer": {
      "version": "0.3.0",
      "resolved": "https://registry.npmjs.org/media-typer/-/media-typer-0.3.0.tgz",
      "integrity": "sha1-hxDXrwqmJvj/+hzgAWhUUmMlV0g="
    },
    "mime-db": {
      "version": "1.50.0",
      "resolved": "https://registry.npmjs.org/mime-db/-/mime-db-1.50.0.tgz",
      "integrity": "sha512-9tMZCDlYHqeERXEHO9f/hKfNXhre5dK2eE/krIvUjZbS2KPcqGDfNShIWS1uW9XOTKQKqK6qbeOci18rbfW77A=="
    },
    "mime-types": {
      "version": "2.1.33",
      "resolved": "https://registry.npmjs.org/mime-types/-/mime-types-2.1.33.tgz",
      "integrity": "sha512-plLElXp7pRDd0bNZHw+nMd52vRYjLwQjygaNg7ddJ2uJtTlmnTCjWuPKxVu6//AdaRuME84SvLW91sIkBqGT0g==",
      "requires": {
        "mime-db": "1.50.0"
      }
    },
    "ms": {
      "version": "2.0.0",
      "resolved": "https://registry.npmjs.org/ms/-/ms-2.0.0.tgz",
      "integrity": "sha1-VgiurfwAvmwpAd9fmGF4jeDVl8g="
    },
    "on-finished": {
      "version": "2.3.0",
      "resolved": "https://registry.npmjs.org/on-finished/-/on-finished-2.3.0.tgz",
      "integrity": "sha1-IPEzZIGwg811M3mSoWlxqi2QaUc=",
      "requires": {
        "ee-first": "1.1.1"
      }
    },
    "peek-readable": {
      "version": "4.0.1",
      "resolved": "https://registry.npmjs.org/peek-readable/-/peek-readable-4.0.1.tgz",
      "integrity": "sha512-7qmhptnR0WMSpxT5rMHG9bW/mYSR1uqaPFj2MHvT+y/aOUu6msJijpKt5SkTDKySwg65OWG2JwTMBlgcbwMHrQ=="
    },
    "promise-polyfill": {
      "version": "8.2.1",
      "resolved": "https://registry.npmjs.org/promise-polyfill/-/promise-polyfill-8.2.1.tgz",
      "integrity": "sha512-3p9zj0cEHbp7NVUxEYUWjQlffXqnXaZIMPkAO7HhFh8u5636xLRDHOUo2vpWSK0T2mqm6fKLXYn1KP6PAZ2gKg=="
    },
    "qs": {
      "version": "6.7.0",
      "resolved": "https://registry.npmjs.org/qs/-/qs-6.7.0.tgz",
      "integrity": "sha512-VCdBRNFTX1fyE7Nb6FYoURo/SPe62QCaAyzJvUjwRaIsc+NePBEniHlvxFmmX56+HZphIGtV0XeCirBtpDrTyQ=="
    },
    "raw-body": {
      "version": "2.4.0",
      "resolved": "https://registry.npmjs.org/raw-body/-/raw-body-2.4.0.tgz",
      "integrity": "sha512-4Oz8DUIwdvoa5qMJelxipzi/iJIi40O5cGV1wNYp5hvZP8ZN0T+jiNkL0QepXs+EsQ9XJ8ipEDoiH70ySUJP3Q==",
      "requires": {
        "bytes": "3.1.0",
        "http-errors": "1.7.2",
        "iconv-lite": "0.4.24",
        "unpipe": "1.0.0"
      }
    },
    "readable-web-to-node-stream": {
      "version": "2.0.0",
      "resolved": "https://registry.npmjs.org/readable-web-to-node-stream/-/readable-web-to-node-stream-2.0.0.tgz",
      "integrity": "sha512-+oZJurc4hXpaaqsN68GoZGQAQIA3qr09Or4fqEsargABnbe5Aau8hFn6ISVleT3cpY/0n/8drn7huyyEvTbghA=="
    },
    "safer-buffer": {
      "version": "2.1.2",
      "resolved": "https://registry.npmjs.org/safer-buffer/-/safer-buffer-2.1.2.tgz",
      "integrity": "sha512-YZo3K82SD7Riyi0E1EQPojLz7kpepnSQI9IyPbHHg1XXXevb5dJI7tpyN2ADxGcQbHG7vcyRHk0cbwqcQriUtg=="
    },
    "setprototypeof": {
      "version": "1.1.1",
      "resolved": "https://registry.npmjs.org/setprototypeof/-/setprototypeof-1.1.1.tgz",
      "integrity": "sha512-JvdAWfbXeIGaZ9cILp38HntZSFSo3mWg6xGcJJsd+d4aRMOqauag1C63dJfDw7OaMYwEbHMOxEZ1lqVRYP2OAw=="
    },
    "statuses": {
      "version": "1.5.0",
      "resolved": "https://registry.npmjs.org/statuses/-/statuses-1.5.0.tgz",
      "integrity": "sha1-Fhx9rBd2Wf2YEfQ3cfqZOBR4Yow="
    },
    "strtok3": {
      "version": "6.2.4",
      "resolved": "https://registry.npmjs.org/strtok3/-/strtok3-6.2.4.tgz",
      "integrity": "sha512-GO8IcFF9GmFDvqduIspUBwCzCbqzegyVKIsSymcMgiZKeCfrN9SowtUoi8+b59WZMAjIzVZic/Ft97+pynR3Iw==",
      "requires": {
        "@tokenizer/token": "^0.3.0",
        "peek-readable": "^4.0.1"
      }
    },
    "tiny-sha256": {
      "version": "1.0.2",
      "resolved": "https://registry.npmjs.org/tiny-sha256/-/tiny-sha256-1.0.2.tgz",
      "integrity": "sha1-OyCnX3cJfc7Br1E/UYnCbsL1SZI="
    },
    "toidentifier": {
      "version": "1.0.0",
      "resolved": "https://registry.npmjs.org/toidentifier/-/toidentifier-1.0.0.tgz",
      "integrity": "sha512-yaOH/Pk/VEhBWWTlhI+qXxDFXlejDGcQipMlyxda9nthulaxLZUNcUqFxokp0vcYnvteJln5FNQDRrxj3YcbVw=="
    },
    "token-types": {
      "version": "2.1.1",
      "resolved": "https://registry.npmjs.org/token-types/-/token-types-2.1.1.tgz",
      "integrity": "sha512-wnQcqlreS6VjthyHO3Y/kpK/emflxDBNhlNUPfh7wE39KnuDdOituXomIbyI79vBtF0Ninpkh72mcuRHo+RG3Q==",
      "requires": {
        "@tokenizer/token": "^0.1.1",
        "ieee754": "^1.2.1"
      },
      "dependencies": {
        "@tokenizer/token": {
          "version": "0.1.1",
          "resolved": "https://registry.npmjs.org/@tokenizer/token/-/token-0.1.1.tgz",
          "integrity": "sha512-XO6INPbZCxdprl+9qa/AAbFFOMzzwqYxpjPgLICrMD6C2FCw6qfJOPcBk6JqqPLSaZ/Qx87qn4rpPmPMwaAK6w=="
        }
      }
    },
    "tslib": {
      "version": "2.3.1",
      "resolved": "https://registry.npmjs.org/tslib/-/tslib-2.3.1.tgz",
      "integrity": "sha512-77EbyPPpMz+FRFRuAFlWMtmgUWGe9UOG2Z25NqCwiIjRhOf5iKGuzSe5P2w1laq+FkRy4p+PCuVkJSGkzTEKVw=="
    },
    "type-is": {
      "version": "1.6.18",
      "resolved": "https://registry.npmjs.org/type-is/-/type-is-1.6.18.tgz",
      "integrity": "sha512-TkRKr9sUTxEH8MdfuCSP7VizJyzRNMjj2J2do2Jr3Kym598JVdEksuzPQCnlFPW4ky9Q+iA+ma9BGm06XQBy8g==",
      "requires": {
        "media-typer": "0.3.0",
        "mime-types": "~2.1.24"
      }
    },
    "typedarray-to-buffer": {
      "version": "3.1.5",
      "resolved": "https://registry.npmjs.org/typedarray-to-buffer/-/typedarray-to-buffer-3.1.5.tgz",
      "integrity": "sha512-zdu8XMNEDepKKR+XYOXAVPtWui0ly0NtohUscw+UmaHiAWT8hrV1rr//H6V+0DvJ3OQ19S979M0laLfX8rm82Q==",
      "requires": {
        "is-typedarray": "^1.0.0"
      }
    },
    "unpipe": {
      "version": "1.0.0",
      "resolved": "https://registry.npmjs.org/unpipe/-/unpipe-1.0.0.tgz",
      "integrity": "sha1-sr9O6FFKrmFltIF4KdIbLvSZBOw="
    },
    "whatwg-fetch": {
      "version": "3.6.2",
      "resolved": "https://registry.npmjs.org/whatwg-fetch/-/whatwg-fetch-3.6.2.tgz",
      "integrity": "sha512-bJlen0FcuU/0EMLrdbJ7zOnW6ITZLrZMIarMUVmdKtsGvZna8vxKYaexICWPfZ8qwf9fzNq+UEIZrnSaApt6RA=="
    }
  }
}
